
Microsoft Visual Studio Solution File, Format Version 12.00
# Visual Studio Version 17
VisualStudioVersion = 17.0.32112.339
MinimumVisualStudioVersion = 10.0.40219.1
Project("{FAE04EC0-301F-11D3-BF4B-00C04F79EFBC}") = "Permutations", "Permutations.csproj", "{430E17AA-44D5-4926-88E2-D3005F3B821E}"
EndProject
Global
	GlobalSection(SolutionConfigurationPlatforms) = preSolution
		Debug|Any CPU = Debug|Any CPU
		Release|Any CPU = Release|Any CPU
	EndGlobalSection
	GlobalSection(ProjectConfigurationPlatforms) = postSolution
		{430E17AA-44D5-4926-88E2-D3005F3B821E}.Debug|Any CPU.ActiveCfg = Debug|Any CPU
		{430E17AA-44D5-4926-88E2-D3005F3B821E}.Debug|Any CPU.Build.0 = Debug|Any CPU
		{430E17AA-44D5-4926-88E2-D3005F3B821E}.Release|Any CPU.ActiveCfg = Release|Any CPU
		{430E17AA-44D5-4926-88E2-D3005F3B821E}.Release|Any CPU.Build.0 = Release|Any CPU
	EndGlobalSection
	GlobalSection(SolutionProperties) = preSolution
		HideSolutionNode = FALSE
	EndGlobalSection
	GlobalSection(ExtensibilityGlobals) = postSolution
		SolutionGuid = {655F06B1-5781-41CA-A30E-41E9B1A8003F}
	EndGlobalSection
EndGlobal
